
Microsoft Visual Studio Solution File, Format Version 12.00
# Visual Studio 15
VisualStudioVersion = 15.0.28307.421
MinimumVisualStudioVersion = 10.0.40219.1
Project("{9A19103F-16F7-4668-BE54-9A1E7A4F7556}") = "app", "app.csproj", "{8C21C947-70D0-41B1-8483-F3BE1CB3FA31}"
EndProject
Global
	GlobalSection(SolutionConfigurationPlatforms) = preSolution
		Debug|Any CPU = Debug|Any CPU
		Release|Any CPU = Release|Any CPU
	EndGlobalSection
	GlobalSection(ProjectConfigurationPlatforms) = postSolution
		{8C21C947-70D0-41B1-8483-F3BE1CB3FA31}.Debug|Any CPU.ActiveCfg = Debug|Any CPU
		{8C21C947-70D0-41B1-8483-F3BE1CB3FA31}.Debug|Any CPU.Build.0 = Debug|Any CPU
		{8C21C947-70D0-41B1-8483-F3BE1CB3FA31}.Release|Any CPU.ActiveCfg = Release|Any CPU
		{8C21C947-70D0-41B1-8483-F3BE1CB3FA31}.Release|Any CPU.Build.0 = Release|Any CPU
	EndGlobalSection
	GlobalSection(SolutionProperties) = preSolution
		HideSolutionNode = FALSE
	EndGlobalSection
	GlobalSection(ExtensibilityGlobals) = postSolution
		SolutionGuid = {0693B368-F986-4593-9100-420D4B963D65}
	EndGlobalSection
EndGlobal
